Microsoft Visual Studio Solution File, Format Version 11.00
# Visual Studio 2008

Project("{5B19164E-E0D6-9D31-8ADD-431192781724}") = "UnityEvents", "Assembly-CSharp.csproj", "{7469E829-9B8E-03FE-53F1-CF07732CBEDB}"
EndProject
Global
	GlobalSection(SolutionConfigurationPlatforms) = preSolution
		Debug|Any CPU = Debug|Any CPU
		Release|Any CPU = Release|Any CPU
	EndGlobalSection
	GlobalSection(ProjectConfigurationPlatforms) = postSolution
		{7469E829-9B8E-03FE-53F1-CF07732CBEDB}.Debug|Any CPU.ActiveCfg = Debug|Any CPU
		{7469E829-9B8E-03FE-53F1-CF07732CBEDB}.Debug|Any CPU.Build.0 = Debug|Any CPU
		{7469E829-9B8E-03FE-53F1-CF07732CBEDB}.Release|Any CPU.ActiveCfg = Release|Any CPU
		{7469E829-9B8E-03FE-53F1-CF07732CBEDB}.Release|Any CPU.Build.0 = Release|Any CPU
	EndGlobalSection
	GlobalSection(SolutionProperties) = preSolution
		HideSolutionNode = FALSE
	EndGlobalSection
	GlobalSection(MonoDevelopProperties) = preSolution
		StartupItem = Assembly-CSharp.csproj
	EndGlobalSection
EndGlobal
